
Microsoft Visual Studio Solution File, Format Version 12.00
# Visual Studio Version 17
VisualStudioVersion = 17.8.34525.116
MinimumVisualStudioVersion = 10.0.40219.1
Project("{FAE04EC0-301F-11D3-BF4B-00C04F79EFBC}") = "ParentsApp", "ParentsApp\ParentsApp.csproj", "{9006771D-A159-4642-9AC0-2B7AFAF0A2AD}"
EndProject
Global
	GlobalSection(SolutionConfigurationPlatforms) = preSolution
		Debug|Any CPU = Debug|Any CPU
		Release|Any CPU = Release|Any CPU
	EndGlobalSection
	GlobalSection(ProjectConfigurationPlatforms) = postSolution
		{9006771D-A159-4642-9AC0-2B7AFAF0A2AD}.Debug|Any CPU.ActiveCfg = Debug|Any CPU
		{9006771D-A159-4642-9AC0-2B7AFAF0A2AD}.Debug|Any CPU.Build.0 = Debug|Any CPU
		{9006771D-A159-4642-9AC0-2B7AFAF0A2AD}.Release|Any CPU.ActiveCfg = Release|Any CPU
		{9006771D-A159-4642-9AC0-2B7AFAF0A2AD}.Release|Any CPU.Build.0 = Release|Any CPU
	EndGlobalSection
	GlobalSection(SolutionProperties) = preSolution
		HideSolutionNode = FALSE
	EndGlobalSection
	GlobalSection(ExtensibilityGlobals) = postSolution
		SolutionGuid = {0A1B5B80-3F45-4FDB-85D2-31476ED467EF}
	EndGlobalSection
EndGlobal
